
Microsoft Visual Studio Solution File, Format Version 12.00
# Visual Studio 15
VisualStudioVersion = 15.0.27703.2047
MinimumVisualStudioVersion = 10.0.40219.1
Project("{FAE04EC0-301F-11D3-BF4B-00C04F79EFBC}") = "ICOCore", "ICOCore\ICOCore.csproj", "{5E98300D-ABEE-4F5A-AAB2-C90D24D52CBB}"
EndProject
Project("{FAE04EC0-301F-11D3-BF4B-00C04F79EFBC}") = "ICORepository", "ICORepository\ICORepository.csproj", "{DE0B4070-4C06-4330-AECB-AB1A5BF330F8}"
EndProject
Project("{FAE04EC0-301F-11D3-BF4B-00C04F79EFBC}") = "ICOServices", "ICOServices\ICOServices.csproj", "{3C45494F-C52A-4E59-8F97-6EB648E057C5}"
EndProject
Project("{FAE04EC0-301F-11D3-BF4B-00C04F79EFBC}") = "ICOWeb", "ICOWeb\ICOWeb.csproj", "{2F389128-8A19-4DCD-B499-61726EF15085}"
EndProject
Project("{FAE04EC0-301F-11D3-BF4B-00C04F79EFBC}") = "ICOWebCore", "ICOWebCore\ICOWebCore.csproj", "{E0C830CF-DB55-4669-A16E-8CE29E6E6DFE}"
EndProject
Global
	GlobalSection(SolutionConfigurationPlatforms) = preSolution
		Debug|Any CPU = Debug|Any CPU
		Release|Any CPU = Release|Any CPU
	EndGlobalSection
	GlobalSection(ProjectConfigurationPlatforms) = postSolution
		{5E98300D-ABEE-4F5A-AAB2-C90D24D52CBB}.Debug|Any CPU.ActiveCfg = Debug|Any CPU
		{5E98300D-ABEE-4F5A-AAB2-C90D24D52CBB}.Debug|Any CPU.Build.0 = Debug|Any CPU
		{5E98300D-ABEE-4F5A-AAB2-C90D24D52CBB}.Release|Any CPU.ActiveCfg = Release|Any CPU
		{5E98300D-ABEE-4F5A-AAB2-C90D24D52CBB}.Release|Any CPU.Build.0 = Release|Any CPU
		{DE0B4070-4C06-4330-AECB-AB1A5BF330F8}.Debug|Any CPU.ActiveCfg = Debug|Any CPU
		{DE0B4070-4C06-4330-AECB-AB1A5BF330F8}.Debug|Any CPU.Build.0 = Debug|Any CPU
		{DE0B4070-4C06-4330-AECB-AB1A5BF330F8}.Release|Any CPU.ActiveCfg = Release|Any CPU
		{DE0B4070-4C06-4330-AECB-AB1A5BF330F8}.Release|Any CPU.Build.0 = Release|Any CPU
		{3C45494F-C52A-4E59-8F97-6EB648E057C5}.Debug|Any CPU.ActiveCfg = Debug|Any CPU
		{3C45494F-C52A-4E59-8F97-6EB648E057C5}.Debug|Any CPU.Build.0 = Debug|Any CPU
		{3C45494F-C52A-4E59-8F97-6EB648E057C5}.Release|Any CPU.ActiveCfg = Release|Any CPU
		{3C45494F-C52A-4E59-8F97-6EB648E057C5}.Release|Any CPU.Build.0 = Release|Any CPU
		{2F389128-8A19-4DCD-B499-61726EF15085}.Debug|Any CPU.ActiveCfg = Debug|Any CPU
		{2F389128-8A19-4DCD-B499-61726EF15085}.Debug|Any CPU.Build.0 = Debug|Any CPU
		{2F389128-8A19-4DCD-B499-61726EF15085}.Release|Any CPU.ActiveCfg = Release|Any CPU
		{2F389128-8A19-4DCD-B499-61726EF15085}.Release|Any CPU.Build.0 = Release|Any CPU
		{E0C830CF-DB55-4669-A16E-8CE29E6E6DFE}.Debug|Any CPU.ActiveCfg = Debug|Any CPU
		{E0C830CF-DB55-4669-A16E-8CE29E6E6DFE}.Debug|Any CPU.Build.0 = Debug|Any CPU
		{E0C830CF-DB55-4669-A16E-8CE29E6E6DFE}.Release|Any CPU.ActiveCfg = Release|Any CPU
		{E0C830CF-DB55-4669-A16E-8CE29E6E6DFE}.Release|Any CPU.Build.0 = Release|Any CPU
	EndGlobalSection
	GlobalSection(SolutionProperties) = preSolution
		HideSolutionNode = FALSE
	EndGlobalSection
	GlobalSection(ExtensibilityGlobals) = postSolution
		SolutionGuid = {72771271-5E68-4544-8080-5732281F3030}
	EndGlobalSection
EndGlobal
